// !$*UTF8*$!
{
	archiveVersion = 1;
	classes = {
	};
	objectVersion = 50;
	objects = {

/* Begin PBXBuildFile section */
		43CEB5D924FAB55800323921 /* AppDelegate.swift in Sources */ = {isa = PBXBuildFile; fileRef = 43CEB5D824FAB55800323921 /* AppDelegate.swift */; };
		43CEB5DB24FAB55800323921 /* SceneDelegate.swift in Sources */ = {isa = PBXBuildFile; fileRef = 43CEB5DA24FAB55800323921 /* SceneDelegate.swift */; };
		43CEB5DD24FAB55800323921 /* SearchResultsTableViewController.swift in Sources */ = {isa = PBXBuildFile; fileRef = 43CEB5DC24FAB55800323921 /* SearchResultsTableViewController.swift */; };
		43CEB5E024FAB55800323921 /* Main.storyboard in Resources */ = {isa = PBXBuildFile; fileRef = 43CEB5DE24FAB55800323921 /* Main.storyboard */; };
		43CEB5E224FAB55900323921 /* Assets.xcassets in Resources */ = {isa = PBXBuildFile; fileRef = 43CEB5E124FAB55900323921 /* Assets.xcassets */; };
		43CEB5E524FAB55900323921 /* LaunchScreen.storyboard in Resources */ = {isa = PBXBuildFile; fileRef = 43CEB5E324FAB55900323921 /* LaunchScreen.storyboard */; };
		43CEB5F024FAB55900323921 /* ProductPageTests.swift in Sources */ = {isa = PBXBuildFile; fileRef = 43CEB5EF24FAB55900323921 /* ProductPageTests.swift */; };
		43CEB60024FAB58000323921 /* ProductPage.swift in Sources */ = {isa = PBXBuildFile; fileRef = 43CEB5FC24FAB58000323921 /* ProductPage.swift */; };
		43CEB60224FAB58000323921 /* Product.swift in Sources */ = {isa = PBXBuildFile; fileRef = 43CEB5FD24FAB58000323921 /* Product.swift */; };
		43CEB60C24FABC0C00323921 /* pixel_pen_search_results.json in Resources */ = {isa = PBXBuildFile; fileRef = 43CEB60B24FABC0C00323921 /* pixel_pen_search_results.json */; };
		43CEB61024FAC04000323921 /* multipage_2.json in Resources */ = {isa = PBXBuildFile; fileRef = 43CEB60F24FAC04000323921 /* multipage_2.json */; };
		43CEB61224FAC08A00323921 /* ProductSearchResultsTests.swift in Sources */ = {isa = PBXBuildFile; fileRef = 43CEB61124FAC08A00323921 /* ProductSearchResultsTests.swift */; };
		43CEB61324FAC35400323921 /* multipage_1.json in Resources */ = {isa = PBXBuildFile; fileRef = 43CEB60D24FAC01300323921 /* multipage_1.json */; };
		43CEB61524FAC6BA00323921 /* ProductSearchResults.swift in Sources */ = {isa = PBXBuildFile; fileRef = 43CEB61424FAC6BA00323921 /* ProductSearchResults.swift */; };
		43CEB61824FAC76D00323921 /* Network.swift in Sources */ = {isa = PBXBuildFile; fileRef = 43CEB61724FAC76D00323921 /* Network.swift */; };
		43CEB61B24FACBFB00323921 /* StringExtensions.swift in Sources */ = {isa = PBXBuildFile; fileRef = 43CEB61A24FACBFB00323921 /* StringExtensions.swift */; };
		43CEB61D24FACCF700323921 /* StringExtensionTests.swift in Sources */ = {isa = PBXBuildFile; fileRef = 43CEB61C24FACCF700323921 /* StringExtensionTests.swift */; };
		43CEB61F24FAD41600323921 /* UIViewControllerExtensions.swift in Sources */ = {isa = PBXBuildFile; fileRef = 43CEB61E24FAD41600323921 /* UIViewControllerExtensions.swift */; };
		43CEB62124FAD78C00323921 /* ImageLoader.swift in Sources */ = {isa = PBXBuildFile; fileRef = 43CEB62024FAD78C00323921 /* ImageLoader.swift */; };
		43CEB62424FADB5300323921 /* ProductCell.swift in Sources */ = {isa = PBXBuildFile; fileRef = 43CEB62324FADB5300323921 /* ProductCell.swift */; };
		43CEB62624FADC0400323921 /* LoadingCell.swift in Sources */ = {isa = PBXBuildFile; fileRef = 43CEB62524FADC0400323921 /* LoadingCell.swift */; };
		43CEB62824FADC1F00323921 /* InstructionsCell.swift in Sources */ = {isa = PBXBuildFile; fileRef = 43CEB62724FADC1F00323921 /* InstructionsCell.swift */; };
		43CEB62A24FBFFCB00323921 /* RatingView.swift in Sources */ = {isa = PBXBuildFile; fileRef = 43CEB62924FBFFCB00323921 /* RatingView.swift */; };
		43CEB62C24FBFFD500323921 /* RatingView.xib in Resources */ = {isa = PBXBuildFile; fileRef = 43CEB62B24FBFFD500323921 /* RatingView.xib */; };
		43CEB62E24FC005200323921 /* UIViewExtensions.swift in Sources */ = {isa = PBXBuildFile; fileRef = 43CEB62D24FC005200323921 /* UIViewExtensions.swift */; };
		43CEB63024FC1DA900323921 /* NoResultsCell.swift in Sources */ = {isa = PBXBuildFile; fileRef = 43CEB62F24FC1DA900323921 /* NoResultsCell.swift */; };
		43CEB63324FC291C00323921 /* ProductDetailsViewController.swift in Sources */ = {isa = PBXBuildFile; fileRef = 43CEB63224FC291C00323921 /* ProductDetailsViewController.swift */; };
		43CEB63524FC299F00323921 /* ProductDetailsViewController.storyboard in Resources */ = {isa = PBXBuildFile; fileRef = 43CEB63424FC299F00323921 /* ProductDetailsViewController.storyboard */; };
/* End PBXBuildFile section */

/* Begin PBXContainerItemProxy section */
		43CEB5EC24FAB55900323921 /* PBXContainerItemProxy */ = {
			isa = PBXContainerItemProxy;
			containerPortal = 43CEB5CD24FAB55800323921 /* Project object */;
			proxyType = 1;
			remoteGlobalIDString = 43CEB5D424FAB55800323921;
			remoteInfo = BBAte;
		};
/* End PBXContainerItemProxy section */

/* Begin PBXFileReference section */
		4353E61924FC429E00E0EC85 /* README.md */ = {isa = PBXFileReference; lastKnownFileType = net.daringfireball.markdown; path = README.md; sourceTree = "<group>"; };
		43CEB5D524FAB55800323921 /* BBAte.app */ = {isa = PBXFileReference; explicitFileType = wrapper.application; includeInIndex = 0; path = BBAte.app; sourceTree = BUILT_PRODUCTS_DIR; };
		43CEB5D824FAB55800323921 /* AppDelegate.swift */ = {isa = PBXFileReference; lastKnownFileType = sourcecode.swift; path = AppDelegate.swift; sourceTree = "<group>"; };
		43CEB5DA24FAB55800323921 /* SceneDelegate.swift */ = {isa = PBXFileReference; lastKnownFileType = sourcecode.swift; path = SceneDelegate.swift; sourceTree = "<group>"; };
		43CEB5DC24FAB55800323921 /* SearchResultsTableViewController.swift */ = {isa = PBXFileReference; lastKnownFileType = sourcecode.swift; path = SearchResultsTableViewController.swift; sourceTree = "<group>"; };
		43CEB5DF24FAB55800323921 /* Base */ = {isa = PBXFileReference; lastKnownFileType = file.storyboard; name = Base; path = Base.lproj/Main.storyboard; sourceTree = "<group>"; };
		43CEB5E124FAB55900323921 /* Assets.xcassets */ = {isa = PBXFileReference; lastKnownFileType = folder.assetcatalog; path = Assets.xcassets; sourceTree = "<group>"; };
		43CEB5E424FAB55900323921 /* Base */ = {isa = PBXFileReference; lastKnownFileType = file.storyboard; name = Base; path = Base.lproj/LaunchScreen.storyboard; sourceTree = "<group>"; };
		43CEB5E624FAB55900323921 /* Info.plist */ = {isa = PBXFileReference; lastKnownFileType = text.plist.xml; path = Info.plist; sourceTree = "<group>"; };
		43CEB5EB24FAB55900323921 /* BBAteTests.xctest */ = {isa = PBXFileReference; explicitFileType = wrapper.cfbundle; includeInIndex = 0; path = BBAteTests.xctest; sourceTree = BUILT_PRODUCTS_DIR; };
		43CEB5EF24FAB55900323921 /* ProductPageTests.swift */ = {isa = PBXFileReference; lastKnownFileType = sourcecode.swift; path = ProductPageTests.swift; sourceTree = "<group>"; };
		43CEB5F124FAB55900323921 /* Info.plist */ = {isa = PBXFileReference; lastKnownFileType = text.plist.xml; path = Info.plist; sourceTree = "<group>"; };
		43CEB5FC24FAB58000323921 /* ProductPage.swift */ = {isa = PBXFileReference; fileEncoding = 4; lastKnownFileType = sourcecode.swift; path = ProductPage.swift; sourceTree = "<group>"; };
		43CEB5FD24FAB58000323921 /* Product.swift */ = {isa = PBXFileReference; fileEncoding = 4; lastKnownFileType = sourcecode.swift; path = Product.swift; sourceTree = "<group>"; };
		43CEB60B24FABC0C00323921 /* pixel_pen_search_results.json */ = {isa = PBXFileReference; fileEncoding = 4; lastKnownFileType = text.json; path = pixel_pen_search_results.json; sourceTree = "<group>"; };
		43CEB60D24FAC01300323921 /* multipage_1.json */ = {isa = PBXFileReference; lastKnownFileType = text.json; path = multipage_1.json; sourceTree = "<group>"; };
		43CEB60F24FAC04000323921 /* multipage_2.json */ = {isa = PBXFileReference; lastKnownFileType = text.json; path = multipage_2.json; sourceTree = "<group>"; };
		43CEB61124FAC08A00323921 /* ProductSearchResultsTests.swift */ = {isa = PBXFileReference; lastKnownFileType = sourcecode.swift; path = ProductSearchResultsTests.swift; sourceTree = "<group>"; };
		43CEB61424FAC6BA00323921 /* ProductSearchResults.swift */ = {isa = PBXFileReference; fileEncoding = 4; lastKnownFileType = sourcecode.swift; path = ProductSearchResults.swift; sourceTree = "<group>"; };
		43CEB61724FAC76D00323921 /* Network.swift */ = {isa = PBXFileReference; lastKnownFileType = sourcecode.swift; path = Network.swift; sourceTree = "<group>"; };
		43CEB61A24FACBFB00323921 /* StringExtensions.swift */ = {isa = PBXFileReference; lastKnownFileType = sourcecode.swift; path = StringExtensions.swift; sourceTree = "<group>"; };
		43CEB61C24FACCF700323921 /* StringExtensionTests.swift */ = {isa = PBXFileReference; lastKnownFileType = sourcecode.swift; path = StringExtensionTests.swift; sourceTree = "<group>"; };
		43CEB61E24FAD41600323921 /* UIViewControllerExtensions.swift */ = {isa = PBXFileReference; lastKnownFileType = sourcecode.swift; path = UIViewControllerExtensions.swift; sourceTree = "<group>"; };
		43CEB62024FAD78C00323921 /* ImageLoader.swift */ = {isa = PBXFileReference; lastKnownFileType = sourcecode.swift; path = ImageLoader.swift; sourceTree = "<group>"; };
		43CEB62324FADB5300323921 /* ProductCell.swift */ = {isa = PBXFileReference; lastKnownFileType = sourcecode.swift; path = ProductCell.swift; sourceTree = "<group>"; };
		43CEB62524FADC0400323921 /* LoadingCell.swift */ = {isa = PBXFileReference; lastKnownFileType = sourcecode.swift; path = LoadingCell.swift; sourceTree = "<group>"; };
		43CEB62724FADC1F00323921 /* InstructionsCell.swift */ = {isa = PBXFileReference; lastKnownFileType = sourcecode.swift; path = InstructionsCell.swift; sourceTree = "<group>"; };
		43CEB62924FBFFCB00323921 /* RatingView.swift */ = {isa = PBXFileReference; lastKnownFileType = sourcecode.swift; path = RatingView.swift; sourceTree = "<group>"; };
		43CEB62B24FBFFD500323921 /* RatingView.xib */ = {isa = PBXFileReference; lastKnownFileType = file.xib; path = RatingView.xib; sourceTree = "<group>"; };
		43CEB62D24FC005200323921 /* UIViewExtensions.swift */ = {isa = PBXFileReference; lastKnownFileType = sourcecode.swift; path = UIViewExtensions.swift; sourceTree = "<group>"; };
		43CEB62F24FC1DA900323921 /* NoResultsCell.swift */ = {isa = PBXFileReference; lastKnownFileType = sourcecode.swift; path = NoResultsCell.swift; sourceTree = "<group>"; };
		43CEB63224FC291C00323921 /* ProductDetailsViewController.swift */ = {isa = PBXFileReference; lastKnownFileType = sourcecode.swift; path = ProductDetailsViewController.swift; sourceTree = "<group>"; };
		43CEB63424FC299F00323921 /* ProductDetailsViewController.storyboard */ = {isa = PBXFileReference; lastKnownFileType = file.storyboard; path = ProductDetailsViewController.storyboard; sourceTree = "<group>"; };
/* End PBXFileReference section */

/* Begin PBXFrameworksBuildPhase section */
		43CEB5D224FAB55800323921 /* Frameworks */ = {
			isa = PBXFrameworksBuildPhase;
			buildActionMask = 2147483647;
			files = (
			);
			runOnlyForDeploymentPostprocessing = 0;
		};
		43CEB5E824FAB55900323921 /* Frameworks */ = {
			isa = PBXFrameworksBuildPhase;
			buildActionMask = 2147483647;
			files = (
			);
			runOnlyForDeploymentPostprocessing = 0;
		};
/* End PBXFrameworksBuildPhase section */

/* Begin PBXGroup section */
		43CEB5CC24FAB55800323921 = {
			isa = PBXGroup;
			children = (
				4353E61924FC429E00E0EC85 /* README.md */,
				43CEB5D724FAB55800323921 /* BBAte */,
				43CEB5EE24FAB55900323921 /* BBAteTests */,
				43CEB5D624FAB55800323921 /* Products */,
			);
			sourceTree = "<group>";
		};
		43CEB5D624FAB55800323921 /* Products */ = {
			isa = PBXGroup;
			children = (
				43CEB5D524FAB55800323921 /* BBAte.app */,
				43CEB5EB24FAB55900323921 /* BBAteTests.xctest */,
			);
			name = Products;
			sourceTree = "<group>";
		};
		43CEB5D724FAB55800323921 /* BBAte */ = {
			isa = PBXGroup;
			children = (
				43CEB63124FC28AC00323921 /* ViewControllers */,
				43CEB61924FACBCD00323921 /* Extensions */,
				43CEB5FA24FAB58000323921 /* Models */,
				43CEB61624FAC75600323921 /* Network */,
				43CEB62224FAD7B500323921 /* Views */,
				43CEB5D824FAB55800323921 /* AppDelegate.swift */,
				43CEB5DA24FAB55800323921 /* SceneDelegate.swift */,
				43CEB5DE24FAB55800323921 /* Main.storyboard */,
				43CEB5E124FAB55900323921 /* Assets.xcassets */,
				43CEB5E324FAB55900323921 /* LaunchScreen.storyboard */,
				43CEB5E624FAB55900323921 /* Info.plist */,
			);
			path = BBAte;
			sourceTree = "<group>";
		};
		43CEB5EE24FAB55900323921 /* BBAteTests */ = {
			isa = PBXGroup;
			children = (
				43CEB60A24FABC0C00323921 /* Data */,
				43CEB5EF24FAB55900323921 /* ProductPageTests.swift */,
				43CEB61124FAC08A00323921 /* ProductSearchResultsTests.swift */,
				43CEB61C24FACCF700323921 /* StringExtensionTests.swift */,
				43CEB5F124FAB55900323921 /* Info.plist */,
			);
			path = BBAteTests;
			sourceTree = "<group>";
		};
		43CEB5FA24FAB58000323921 /* Models */ = {
			isa = PBXGroup;
			children = (
				43CEB61424FAC6BA00323921 /* ProductSearchResults.swift */,
				43CEB5FC24FAB58000323921 /* ProductPage.swift */,
				43CEB5FD24FAB58000323921 /* Product.swift */,
				43CEB62024FAD78C00323921 /* ImageLoader.swift */,
			);
			path = Models;
			sourceTree = "<group>";
		};
		43CEB60A24FABC0C00323921 /* Data */ = {
			isa = PBXGroup;
			children = (
				43CEB60B24FABC0C00323921 /* pixel_pen_search_results.json */,
				43CEB60D24FAC01300323921 /* multipage_1.json */,
				43CEB60F24FAC04000323921 /* multipage_2.json */,
			);
			path = Data;
			sourceTree = "<group>";
		};
		43CEB61624FAC75600323921 /* Network */ = {
			isa = PBXGroup;
			children = (
				43CEB61724FAC76D00323921 /* Network.swift */,
			);
			path = Network;
			sourceTree = "<group>";
		};
		43CEB61924FACBCD00323921 /* Extensions */ = {
			isa = PBXGroup;
			children = (
				43CEB61A24FACBFB00323921 /* StringExtensions.swift */,
				43CEB61E24FAD41600323921 /* UIViewControllerExtensions.swift */,
				43CEB62D24FC005200323921 /* UIViewExtensions.swift */,
			);
			path = Extensions;
			sourceTree = "<group>";
		};
		43CEB62224FAD7B500323921 /* Views */ = {
			isa = PBXGroup;
			children = (
				43CEB62324FADB5300323921 /* ProductCell.swift */,
				43CEB62524FADC0400323921 /* LoadingCell.swift */,
				43CEB62724FADC1F00323921 /* InstructionsCell.swift */,
				43CEB62F24FC1DA900323921 /* NoResultsCell.swift */,
				43CEB62924FBFFCB00323921 /* RatingView.swift */,
				43CEB62B24FBFFD500323921 /* RatingView.xib */,
			);
			path = Views;
			sourceTree = "<group>";
		};
		43CEB63124FC28AC00323921 /* ViewControllers */ = {
			isa = PBXGroup;
			children = (
				43CEB5DC24FAB55800323921 /* SearchResultsTableViewController.swift */,
				43CEB63224FC291C00323921 /* ProductDetailsViewController.swift */,
				43CEB63424FC299F00323921 /* ProductDetailsViewController.storyboard */,
			);
			path = ViewControllers;
			sourceTree = "<group>";
		};
/* End PBXGroup section */

/* Begin PBXNativeTarget section */
		43CEB5D424FAB55800323921 /* BBAte */ = {
			isa = PBXNativeTarget;
			buildConfigurationList = 43CEB5F424FAB55900323921 /* Build configuration list for PBXNativeTarget "BBAte" */;
			buildPhases = (
				43CEB5D124FAB55800323921 /* Sources */,
				43CEB5D224FAB55800323921 /* Frameworks */,
				43CEB5D324FAB55800323921 /* Resources */,
			);
			buildRules = (
			);
			dependencies = (
			);
			name = BBAte;
			productName = BBAte;
			productReference = 43CEB5D524FAB55800323921 /* BBAte.app */;
			productType = "com.apple.product-type.application";
		};
		43CEB5EA24FAB55900323921 /* BBAteTests */ = {
			isa = PBXNativeTarget;
			buildConfigurationList = 43CEB5F724FAB55900323921 /* Build configuration list for PBXNativeTarget "BBAteTests" */;
			buildPhases = (
				43CEB5E724FAB55900323921 /* Sources */,
				43CEB5E824FAB55900323921 /* Frameworks */,
				43CEB5E924FAB55900323921 /* Resources */,
			);
			buildRules = (
			);
			dependencies = (
				43CEB5ED24FAB55900323921 /* PBXTargetDependency */,
			);
			name = BBAteTests;
			productName = BBAteTests;
			productReference = 43CEB5EB24FAB55900323921 /* BBAteTests.xctest */;
			productType = "com.apple.product-type.bundle.unit-test";
		};
/* End PBXNativeTarget section */

/* Begin PBXProject section */
		43CEB5CD24FAB55800323921 /* Project object */ = {
			isa = PBXProject;
			attributes = {
				LastSwiftUpdateCheck = 1160;
				LastUpgradeCheck = 1160;
				ORGANIZATIONNAME = "Fluffy Bunny Software";
				TargetAttributes = {
					43CEB5D424FAB55800323921 = {
						CreatedOnToolsVersion = 11.6;
					};
					43CEB5EA24FAB55900323921 = {
						CreatedOnToolsVersion = 11.6;
						TestTargetID = 43CEB5D424FAB55800323921;
					};
				};
			};
			buildConfigurationList = 43CEB5D024FAB55800323921 /* Build configuration list for PBXProject "BBAte" */;
			compatibilityVersion = "Xcode 9.3";
			developmentRegion = en;
			hasScannedForEncodings = 0;
			knownRegions = (
				en,
				Base,
			);
			mainGroup = 43CEB5CC24FAB55800323921;
			productRefGroup = 43CEB5D624FAB55800323921 /* Products */;
			projectDirPath = "";
			projectRoot = "";
			targets = (
				43CEB5D424FAB55800323921 /* BBAte */,
				43CEB5EA24FAB55900323921 /* BBAteTests */,
			);
		};
/* End PBXProject section */

/* Begin PBXResourcesBuildPhase section */
		43CEB5D324FAB55800323921 /* Resources */ = {
			isa = PBXResourcesBuildPhase;
			buildActionMask = 2147483647;
			files = (
				43CEB5E524FAB55900323921 /* LaunchScreen.storyboard in Resources */,
				43CEB5E224FAB55900323921 /* Assets.xcassets in Resources */,
				43CEB5E024FAB55800323921 /* Main.storyboard in Resources */,
				43CEB62C24FBFFD500323921 /* RatingView.xib in Resources */,
				43CEB63524FC299F00323921 /* ProductDetailsViewController.storyboard in Resources */,
			);
			runOnlyForDeploymentPostprocessing = 0;
		};
		43CEB5E924FAB55900323921 /* Resources */ = {
			isa = PBXResourcesBuildPhase;
			buildActionMask = 2147483647;
			files = (
				43CEB61324FAC35400323921 /* multipage_1.json in Resources */,
				43CEB60C24FABC0C00323921 /* pixel_pen_search_results.json in Resources */,
				43CEB61024FAC04000323921 /* multipage_2.json in Resources */,
			);
			runOnlyForDeploymentPostprocessing = 0;
		};
/* End PBXResourcesBuildPhase section */

/* Begin PBXSourcesBuildPhase section */
		43CEB5D124FAB55800323921 /* Sources */ = {
			isa = PBXSourcesBuildPhase;
			buildActionMask = 2147483647;
			files = (
				43CEB60024FAB58000323921 /* ProductPage.swift in Sources */,
				43CEB62E24FC005200323921 /* UIViewExtensions.swift in Sources */,
				43CEB5DD24FAB55800323921 /* SearchResultsTableViewController.swift in Sources */,
				43CEB62124FAD78C00323921 /* ImageLoader.swift in Sources */,
				43CEB62824FADC1F00323921 /* InstructionsCell.swift in Sources */,
				43CEB61524FAC6BA00323921 /* ProductSearchResults.swift in Sources */,
				43CEB5D924FAB55800323921 /* AppDelegate.swift in Sources */,
				43CEB61F24FAD41600323921 /* UIViewControllerExtensions.swift in Sources */,
				43CEB62624FADC0400323921 /* LoadingCell.swift in Sources */,
				43CEB63324FC291C00323921 /* ProductDetailsViewController.swift in Sources */,
				43CEB61B24FACBFB00323921 /* StringExtensions.swift in Sources */,
				43CEB62424FADB5300323921 /* ProductCell.swift in Sources */,
				43CEB5DB24FAB55800323921 /* SceneDelegate.swift in Sources */,
				43CEB61824FAC76D00323921 /* Network.swift in Sources */,
				43CEB63024FC1DA900323921 /* NoResultsCell.swift in Sources */,
				43CEB60224FAB58000323921 /* Product.swift in Sources */,
				43CEB62A24FBFFCB00323921 /* RatingView.swift in Sources */,
			);
			runOnlyForDeploymentPostprocessing = 0;
		};
		43CEB5E724FAB55900323921 /* Sources */ = {
			isa = PBXSourcesBuildPhase;
			buildActionMask = 2147483647;
			files = (
				43CEB5F024FAB55900323921 /* ProductPageTests.swift in Sources */,
				43CEB61224FAC08A00323921 /* ProductSearchResultsTests.swift in Sources */,
				43CEB61D24FACCF700323921 /* StringExtensionTests.swift in Sources */,
			);
			runOnlyForDeploymentPostprocessing = 0;
		};
/* End PBXSourcesBuildPhase section */

/* Begin PBXTargetDependency section */
		43CEB5ED24FAB55900323921 /* PBXTargetDependency */ = {
			isa = PBXTargetDependency;
			target = 43CEB5D424FAB55800323921 /* BBAte */;
			targetProxy = 43CEB5EC24FAB55900323921 /* PBXContainerItemProxy */;
		};
/* End PBXTargetDependency section */

/* Begin PBXVariantGroup section */
		43CEB5DE24FAB55800323921 /* Main.storyboard */ = {
			isa = PBXVariantGroup;
			children = (
				43CEB5DF24FAB55800323921 /* Base */,
			);
			name = Main.storyboard;
			sourceTree = "<group>";
		};
		43CEB5E324FAB55900323921 /* LaunchScreen.storyboard */ = {
			isa = PBXVariantGroup;
			children = (
				43CEB5E424FAB55900323921 /* Base */,
			);
			name = LaunchScreen.storyboard;
			sourceTree = "<group>";
		};
/* End PBXVariantGroup section */

/* Begin XCBuildConfiguration section */
		43CEB5F224FAB55900323921 /* Debug */ = {
			isa = XCBuildConfiguration;
			buildSettings = {
				ALWAYS_SEARCH_USER_PATHS = NO;
				CLANG_ANALYZER_NONNULL = YES;
				CLANG_ANALYZER_NUMBER_OBJECT_CONVERSION = YES_AGGRESSIVE;
				CLANG_CXX_LANGUAGE_STANDARD = "gnu++14";
				CLANG_CXX_LIBRARY = "libc++";
				CLANG_ENABLE_MODULES = YES;
				CLANG_ENABLE_OBJC_ARC = YES;
				CLANG_ENABLE_OBJC_WEAK = YES;
				CLANG_WARN_BLOCK_CAPTURE_AUTORELEASING = YES;
				CLANG_WARN_BOOL_CONVERSION = YES;
				CLANG_WARN_COMMA = YES;
				CLANG_WARN_CONSTANT_CONVERSION = YES;
				CLANG_WARN_DEPRECATED_OBJC_IMPLEMENTATIONS = YES;
				CLANG_WARN_DIRECT_OBJC_ISA_USAGE = YES_ERROR;
				CLANG_WARN_DOCUMENTATION_COMMENTS = YES;
				CLANG_WARN_EMPTY_BODY = YES;
				CLANG_WARN_ENUM_CONVERSION = YES;
				CLANG_WARN_INFINITE_RECURSION = YES;
				CLANG_WARN_INT_CONVERSION = YES;
				CLANG_WARN_NON_LITERAL_NULL_CONVERSION = YES;
				CLANG_WARN_OBJC_IMPLICIT_RETAIN_SELF = YES;
				CLANG_WARN_OBJC_LITERAL_CONVERSION = YES;
				CLANG_WARN_OBJC_ROOT_CLASS = YES_ERROR;
				CLANG_WARN_RANGE_LOOP_ANALYSIS = YES;
				CLANG_WARN_STRICT_PROTOTYPES = YES;
				CLANG_WARN_SUSPICIOUS_MOVE = YES;
				CLANG_WARN_UNGUARDED_AVAILABILITY = YES_AGGRESSIVE;
				CLANG_WARN_UNREACHABLE_CODE = YES;
				CLANG_WARN__DUPLICATE_METHOD_MATCH = YES;
				COPY_PHASE_STRIP = NO;
				DEBUG_INFORMATION_FORMAT = dwarf;
				ENABLE_STRICT_OBJC_MSGSEND = YES;
				ENABLE_TESTABILITY = YES;
				GCC_C_LANGUAGE_STANDARD = gnu11;
				GCC_DYNAMIC_NO_PIC = NO;
				GCC_NO_COMMON_BLOCKS = YES;
				GCC_OPTIMIZATION_LEVEL = 0;
				GCC_PREPROCESSOR_DEFINITIONS = (
					"DEBUG=1",
					"$(inherited)",
				);
				GCC_WARN_64_TO_32_BIT_CONVERSION = YES;
				GCC_WARN_ABOUT_RETURN_TYPE = YES_ERROR;
				GCC_WARN_UNDECLARED_SELECTOR = YES;
				GCC_WARN_UNINITIALIZED_AUTOS = YES_AGGRESSIVE;
				GCC_WARN_UNUSED_FUNCTION = YES;
				GCC_WARN_UNUSED_VARIABLE = YES;
				IPHONEOS_DEPLOYMENT_TARGET = 13.6;
				MTL_ENABLE_DEBUG_INFO = INCLUDE_SOURCE;
				MTL_FAST_MATH = YES;
				ONLY_ACTIVE_ARCH = YES;
				SDKROOT = iphoneos;
				SWIFT_ACTIVE_COMPILATION_CONDITIONS = DEBUG;
				SWIFT_OPTIMIZATION_LEVEL = "-Onone";
			};
			name = Debug;
		};
		43CEB5F324FAB55900323921 /* Release */ = {
			isa = XCBuildConfiguration;
			buildSettings = {
				ALWAYS_SEARCH_USER_PATHS = NO;
				CLANG_ANALYZER_NONNULL = YES;
				CLANG_ANALYZER_NUMBER_OBJECT_CONVERSION = YES_AGGRESSIVE;
				CLANG_CXX_LANGUAGE_STANDARD = "gnu++14";
				CLANG_CXX_LIBRARY = "libc++";
				CLANG_ENABLE_MODULES = YES;
				CLANG_ENABLE_OBJC_ARC = YES;
				CLANG_ENABLE_OBJC_WEAK = YES;
				CLANG_WARN_BLOCK_CAPTURE_AUTORELEASING = YES;
				CLANG_WARN_BOOL_CONVERSION = YES;
				CLANG_WARN_COMMA = YES;
				CLANG_WARN_CONSTANT_CONVERSION = YES;
				CLANG_WARN_DEPRECATED_OBJC_IMPLEMENTATIONS = YES;
				CLANG_WARN_DIRECT_OBJC_ISA_USAGE = YES_ERROR;
				CLANG_WARN_DOCUMENTATION_COMMENTS = YES;
				CLANG_WARN_EMPTY_BODY = YES;
				CLANG_WARN_ENUM_CONVERSION = YES;
				CLANG_WARN_INFINITE_RECURSION = YES;
				CLANG_WARN_INT_CONVERSION = YES;
				CLANG_WARN_NON_LITERAL_NULL_CONVERSION = YES;
				CLANG_WARN_OBJC_IMPLICIT_RETAIN_SELF = YES;
				CLANG_WARN_OBJC_LITERAL_CONVERSION = YES;
				CLANG_WARN_OBJC_ROOT_CLASS = YES_ERROR;
				CLANG_WARN_RANGE_LOOP_ANALYSIS = YES;
				CLANG_WARN_STRICT_PROTOTYPES = YES;
				CLANG_WARN_SUSPICIOUS_MOVE = YES;
				CLANG_WARN_UNGUARDED_AVAILABILITY = YES_AGGRESSIVE;
				CLANG_WARN_UNREACHABLE_CODE = YES;
				CLANG_WARN__DUPLICATE_METHOD_MATCH = YES;
				COPY_PHASE_STRIP = NO;
				DEBUG_INFORMATION_FORMAT = "dwarf-with-dsym";
				ENABLE_NS_ASSERTIONS = NO;
				ENABLE_STRICT_OBJC_MSGSEND = YES;
				GCC_C_LANGUAGE_STANDARD = gnu11;
				GCC_NO_COMMON_BLOCKS = YES;
				GCC_WARN_64_TO_32_BIT_CONVERSION = YES;
				GCC_WARN_ABOUT_RETURN_TYPE = YES_ERROR;
				GCC_WARN_UNDECLARED_SELECTOR = YES;
				GCC_WARN_UNINITIALIZED_AUTOS = YES_AGGRESSIVE;
				GCC_WARN_UNUSED_FUNCTION = YES;
				GCC_WARN_UNUSED_VARIABLE = YES;
				IPHONEOS_DEPLOYMENT_TARGET = 13.6;
				MTL_ENABLE_DEBUG_INFO = NO;
				MTL_FAST_MATH = YES;
				SDKROOT = iphoneos;
				SWIFT_COMPILATION_MODE = wholemodule;
				SWIFT_OPTIMIZATION_LEVEL = "-O";
				VALIDATE_PRODUCT = YES;
			};
			name = Release;
		};
		43CEB5F524FAB55900323921 /* Debug */ = {
			isa = XCBuildConfiguration;
			buildSettings = {
				ASSETCATALOG_COMPILER_APPICON_NAME = AppIcon;
				CODE_SIGN_STYLE = Automatic;
				DEVELOPMENT_TEAM = 5APR6AFGT6;
				INFOPLIST_FILE = BBAte/Info.plist;
				LD_RUNPATH_SEARCH_PATHS = (
					"$(inherited)",
					"@executable_path/Frameworks",
				);
				PRODUCT_BUNDLE_IDENTIFIER = com.fluffybunnysoftware.BBAte;
				PRODUCT_NAME = "$(TARGET_NAME)";
				SWIFT_VERSION = 5.0;
				TARGETED_DEVICE_FAMILY = "1,2";
			};
			name = Debug;
		};
		43CEB5F624FAB55900323921 /* Release */ = {
			isa = XCBuildConfiguration;
			buildSettings = {
				ASSETCATALOG_COMPILER_APPICON_NAME = AppIcon;
				CODE_SIGN_STYLE = Automatic;
				DEVELOPMENT_TEAM = 5APR6AFGT6;
				INFOPLIST_FILE = BBAte/Info.plist;
				LD_RUNPATH_SEARCH_PATHS = (
					"$(inherited)",
					"@executable_path/Frameworks",
				);
				PRODUCT_BUNDLE_IDENTIFIER = com.fluffybunnysoftware.BBAte;
				PRODUCT_NAME = "$(TARGET_NAME)";
				SWIFT_VERSION = 5.0;
				TARGETED_DEVICE_FAMILY = "1,2";
			};
			name = Release;
		};
		43CEB5F824FAB55900323921 /* Debug */ = {
			isa = XCBuildConfiguration;
			buildSettings = {
				ALWAYS_EMBED_SWIFT_STANDARD_LIBRARIES = YES;
				BUNDLE_LOADER = "$(TEST_HOST)";
				CODE_SIGN_STYLE = Automatic;
				DEVELOPMENT_TEAM = 5APR6AFGT6;
				INFOPLIST_FILE = BBAteTests/Info.plist;
				IPHONEOS_DEPLOYMENT_TARGET = 13.6;
				LD_RUNPATH_SEARCH_PATHS = (
					"$(inherited)",
					"@executable_path/Frameworks",
					"@loader_path/Frameworks",
				);
				PRODUCT_BUNDLE_IDENTIFIER = com.fluffybunnysoftware.BBAteTests;
				PRODUCT_NAME = "$(TARGET_NAME)";
				SWIFT_VERSION = 5.0;
				TARGETED_DEVICE_FAMILY = "1,2";
				TEST_HOST = "$(BUILT_PRODUCTS_DIR)/BBAte.app/BBAte";
			};
			name = Debug;
		};
		43CEB5F924FAB55900323921 /* Release */ = {
			isa = XCBuildConfiguration;
			buildSettings = {
				ALWAYS_EMBED_SWIFT_STANDARD_LIBRARIES = YES;
				BUNDLE_LOADER = "$(TEST_HOST)";
				CODE_SIGN_STYLE = Automatic;
				DEVELOPMENT_TEAM = 5APR6AFGT6;
				INFOPLIST_FILE = BBAteTests/Info.plist;
				IPHONEOS_DEPLOYMENT_TARGET = 13.6;
				LD_RUNPATH_SEARCH_PATHS = (
					"$(inherited)",
					"@executable_path/Frameworks",
					"@loader_path/Frameworks",
				);
				PRODUCT_BUNDLE_IDENTIFIER = com.fluffybunnysoftware.BBAteTests;
				PRODUCT_NAME = "$(TARGET_NAME)";
				SWIFT_VERSION = 5.0;
				TARGETED_DEVICE_FAMILY = "1,2";
				TEST_HOST = "$(BUILT_PRODUCTS_DIR)/BBAte.app/BBAte";
			};
			name = Release;
		};
/* End XCBuildConfiguration section */

/* Begin XCConfigurationList section */
		43CEB5D024FAB55800323921 /* Build configuration list for PBXProject "BBAte" */ = {
			isa = XCConfigurationList;
			buildConfigurations = (
				43CEB5F224FAB55900323921 /* Debug */,
				43CEB5F324FAB55900323921 /* Release */,
			);
			defaultConfigurationIsVisible = 0;
			defaultConfigurationName = Release;
		};
		43CEB5F424FAB55900323921 /* Build configuration list for PBXNativeTarget "BBAte" */ = {
			isa = XCConfigurationList;
			buildConfigurations = (
				43CEB5F524FAB55900323921 /* Debug */,
				43CEB5F624FAB55900323921 /* Release */,
			);
			defaultConfigurationIsVisible = 0;
			defaultConfigurationName = Release;
		};
		43CEB5F724FAB55900323921 /* Build configuration list for PBXNativeTarget "BBAteTests" */ = {
			isa = XCConfigurationList;
			buildConfigurations = (
				43CEB5F824FAB55900323921 /* Debug */,
				43CEB5F924FAB55900323921 /* Release */,
			);
			defaultConfigurationIsVisible = 0;
			defaultConfigurationName = Release;
		};
/* End XCConfigurationList section */
	};
	rootObject = 43CEB5CD24FAB55800323921 /* Project object */;
}
